// !$*UTF8*$!
{
	archiveVersion = 1;
	classes = {
	};
	objectVersion = 55;
	objects = {

/* Begin PBXBuildFile section */
		EB19D2F32826B0EF00F0A712 /* landmarkData.json in Resources */ = {isa = PBXBuildFile; fileRef = EB19D2F22826B0EF00F0A712 /* landmarkData.json */; };
		EB19D2F52826B15300F0A712 /* Landmark.swift in Sources */ = {isa = PBXBuildFile; fileRef = EB19D2F42826B15300F0A712 /* Landmark.swift */; };
		EB19D2F72826B50E00F0A712 /* ModelData.swift in Sources */ = {isa = PBXBuildFile; fileRef = EB19D2F62826B50E00F0A712 /* ModelData.swift */; };
		EB19D2FC2826BC5400F0A712 /* LandmarkRow.swift in Sources */ = {isa = PBXBuildFile; fileRef = EB19D2FB2826BC5400F0A712 /* LandmarkRow.swift */; };
		EB19D2FE2826C28300F0A712 /* LandmarkList.swift in Sources */ = {isa = PBXBuildFile; fileRef = EB19D2FD2826C28300F0A712 /* LandmarkList.swift */; };
		EB19D3002826C40700F0A712 /* LandmarkDetail.swift in Sources */ = {isa = PBXBuildFile; fileRef = EB19D2FF2826C40700F0A712 /* LandmarkDetail.swift */; };
		EB1AA31C283D243E005F2CBF /* hikeData.json in Resources */ = {isa = PBXBuildFile; fileRef = EB1AA31B283D243E005F2CBF /* hikeData.json */; };
		EB1AA31E283D247C005F2CBF /* Hike.swift in Sources */ = {isa = PBXBuildFile; fileRef = EB1AA31D283D247C005F2CBF /* Hike.swift */; };
		EB1AA324283D2675005F2CBF /* GraphCapsule.swift in Sources */ = {isa = PBXBuildFile; fileRef = EB1AA320283D2675005F2CBF /* GraphCapsule.swift */; };
		EB1AA325283D2675005F2CBF /* HikeGraph.swift in Sources */ = {isa = PBXBuildFile; fileRef = EB1AA321283D2675005F2CBF /* HikeGraph.swift */; };
		EB1AA326283D2675005F2CBF /* HikeDetail.swift in Sources */ = {isa = PBXBuildFile; fileRef = EB1AA322283D2675005F2CBF /* HikeDetail.swift */; };
		EB1AA327283D2675005F2CBF /* HikeView.swift in Sources */ = {isa = PBXBuildFile; fileRef = EB1AA323283D2675005F2CBF /* HikeView.swift */; };
		EB9B52D3282C1FC600DEB75C /* FavoriteButton.swift in Sources */ = {isa = PBXBuildFile; fileRef = EB9B52D2282C1FC600DEB75C /* FavoriteButton.swift */; };
		EBCA35742821624D005408DF /* LandmarksApp.swift in Sources */ = {isa = PBXBuildFile; fileRef = EBCA35732821624D005408DF /* LandmarksApp.swift */; };
		EBCA35762821624D005408DF /* ContentView.swift in Sources */ = {isa = PBXBuildFile; fileRef = EBCA35752821624D005408DF /* ContentView.swift */; };
		EBCA35782821624F005408DF /* Assets.xcassets in Resources */ = {isa = PBXBuildFile; fileRef = EBCA35772821624F005408DF /* Assets.xcassets */; };
		EBCA357B2821624F005408DF /* Preview Assets.xcassets in Resources */ = {isa = PBXBuildFile; fileRef = EBCA357A2821624F005408DF /* Preview Assets.xcassets */; };
		EBCA358228216817005408DF /* CircleImage.swift in Sources */ = {isa = PBXBuildFile; fileRef = EBCA358128216817005408DF /* CircleImage.swift */; };
		EBCA358428216A0C005408DF /* MapView.swift in Sources */ = {isa = PBXBuildFile; fileRef = EBCA358328216A0C005408DF /* MapView.swift */; };
		EBFE48FA28341065006DA3D8 /* HexagonParameters.swift in Sources */ = {isa = PBXBuildFile; fileRef = EBFE48F928341065006DA3D8 /* HexagonParameters.swift */; };
		EBFE48FC28341206006DA3D8 /* BadgeBackground.swift in Sources */ = {isa = PBXBuildFile; fileRef = EBFE48FB28341206006DA3D8 /* BadgeBackground.swift */; };
		EBFE4900283417EF006DA3D8 /* BadgeSymbol.swift in Sources */ = {isa = PBXBuildFile; fileRef = EBFE48FF283417EF006DA3D8 /* BadgeSymbol.swift */; };
		EBFE490228341A81006DA3D8 /* RotatedBadgeSymbol.swift in Sources */ = {isa = PBXBuildFile; fileRef = EBFE490128341A81006DA3D8 /* RotatedBadgeSymbol.swift */; };
		EBFE490528341B8E006DA3D8 /* Badge.swift in Sources */ = {isa = PBXBuildFile; fileRef = EBFE490428341B8E006DA3D8 /* Badge.swift */; };
/* End PBXBuildFile section */

/* Begin PBXFileReference section */
		EB19D2F22826B0EF00F0A712 /* landmarkData.json */ = {isa = PBXFileReference; fileEncoding = 4; lastKnownFileType = text.json; path = landmarkData.json; sourceTree = "<group>"; };
		EB19D2F42826B15300F0A712 /* Landmark.swift */ = {isa = PBXFileReference; lastKnownFileType = sourcecode.swift; path = Landmark.swift; sourceTree = "<group>"; };
		EB19D2F62826B50E00F0A712 /* ModelData.swift */ = {isa = PBXFileReference; lastKnownFileType = sourcecode.swift; path = ModelData.swift; sourceTree = "<group>"; };
		EB19D2FB2826BC5400F0A712 /* LandmarkRow.swift */ = {isa = PBXFileReference; lastKnownFileType = sourcecode.swift; path = LandmarkRow.swift; sourceTree = "<group>"; };
		EB19D2FD2826C28300F0A712 /* LandmarkList.swift */ = {isa = PBXFileReference; lastKnownFileType = sourcecode.swift; path = LandmarkList.swift; sourceTree = "<group>"; };
		EB19D2FF2826C40700F0A712 /* LandmarkDetail.swift */ = {isa = PBXFileReference; lastKnownFileType = sourcecode.swift; path = LandmarkDetail.swift; sourceTree = "<group>"; };
		EB1AA31B283D243E005F2CBF /* hikeData.json */ = {isa = PBXFileReference; fileEncoding = 4; lastKnownFileType = text.json; path = hikeData.json; sourceTree = "<group>"; };
		EB1AA31D283D247C005F2CBF /* Hike.swift */ = {isa = PBXFileReference; lastKnownFileType = sourcecode.swift; path = Hike.swift; sourceTree = "<group>"; };
		EB1AA320283D2675005F2CBF /* GraphCapsule.swift */ = {isa = PBXFileReference; fileEncoding = 4; lastKnownFileType = sourcecode.swift; path = GraphCapsule.swift; sourceTree = "<group>"; };
		EB1AA321283D2675005F2CBF /* HikeGraph.swift */ = {isa = PBXFileReference; fileEncoding = 4; lastKnownFileType = sourcecode.swift; path = HikeGraph.swift; sourceTree = "<group>"; };
		EB1AA322283D2675005F2CBF /* HikeDetail.swift */ = {isa = PBXFileReference; fileEncoding = 4; lastKnownFileType = sourcecode.swift; path = HikeDetail.swift; sourceTree = "<group>"; };
		EB1AA323283D2675005F2CBF /* HikeView.swift */ = {isa = PBXFileReference; fileEncoding = 4; lastKnownFileType = sourcecode.swift; path = HikeView.swift; sourceTree = "<group>"; };
		EB9B52D2282C1FC600DEB75C /* FavoriteButton.swift */ = {isa = PBXFileReference; lastKnownFileType = sourcecode.swift; path = FavoriteButton.swift; sourceTree = "<group>"; };
		EBCA35702821624D005408DF /* Landmarks.app */ = {isa = PBXFileReference; explicitFileType = wrapper.application; includeInIndex = 0; path = Landmarks.app; sourceTree = BUILT_PRODUCTS_DIR; };
		EBCA35732821624D005408DF /* LandmarksApp.swift */ = {isa = PBXFileReference; lastKnownFileType = sourcecode.swift; path = LandmarksApp.swift; sourceTree = "<group>"; };
		EBCA35752821624D005408DF /* ContentView.swift */ = {isa = PBXFileReference; lastKnownFileType = sourcecode.swift; path = ContentView.swift; sourceTree = "<group>"; };
		EBCA35772821624F005408DF /* Assets.xcassets */ = {isa = PBXFileReference; lastKnownFileType = folder.assetcatalog; path = Assets.xcassets; sourceTree = "<group>"; };
		EBCA357A2821624F005408DF /* Preview Assets.xcassets */ = {isa = PBXFileReference; lastKnownFileType = folder.assetcatalog; path = "Preview Assets.xcassets"; sourceTree = "<group>"; };
		EBCA358128216817005408DF /* CircleImage.swift */ = {isa = PBXFileReference; lastKnownFileType = sourcecode.swift; path = CircleImage.swift; sourceTree = "<group>"; };
		EBCA358328216A0C005408DF /* MapView.swift */ = {isa = PBXFileReference; lastKnownFileType = sourcecode.swift; path = MapView.swift; sourceTree = "<group>"; };
		EBFE48F928341065006DA3D8 /* HexagonParameters.swift */ = {isa = PBXFileReference; lastKnownFileType = sourcecode.swift; path = HexagonParameters.swift; sourceTree = "<group>"; };
		EBFE48FB28341206006DA3D8 /* BadgeBackground.swift */ = {isa = PBXFileReference; lastKnownFileType = sourcecode.swift; path = BadgeBackground.swift; sourceTree = "<group>"; };
		EBFE48FF283417EF006DA3D8 /* BadgeSymbol.swift */ = {isa = PBXFileReference; lastKnownFileType = sourcecode.swift; path = BadgeSymbol.swift; sourceTree = "<group>"; };
		EBFE490128341A81006DA3D8 /* RotatedBadgeSymbol.swift */ = {isa = PBXFileReference; lastKnownFileType = sourcecode.swift; path = RotatedBadgeSymbol.swift; sourceTree = "<group>"; };
		EBFE490428341B8E006DA3D8 /* Badge.swift */ = {isa = PBXFileReference; lastKnownFileType = sourcecode.swift; path = Badge.swift; sourceTree = "<group>"; };
/* End PBXFileReference section */

/* Begin PBXFrameworksBuildPhase section */
		EBCA356D2821624D005408DF /* Frameworks */ = {
			isa = PBXFrameworksBuildPhase;
			buildActionMask = 2147483647;
			files = (
			);
			runOnlyForDeploymentPostprocessing = 0;
		};
/* End PBXFrameworksBuildPhase section */

/* Begin PBXGroup section */
		EB19D2F82826BBA000F0A712 /* Views */ = {
			isa = PBXGroup;
			children = (
				EB1AA31F283D2675005F2CBF /* Hikes */,
				EBCA35752821624D005408DF /* ContentView.swift */,
				EB9B52D5282C212800DEB75C /* Landmarks */,
				EB9B52D4282C20F800DEB75C /* Helpers */,
				EBFE490628341D6F006DA3D8 /* Badges */,
			);
			path = Views;
			sourceTree = "<group>";
		};
		EB19D2F92826BBB700F0A712 /* Model */ = {
			isa = PBXGroup;
			children = (
				EB19D2F62826B50E00F0A712 /* ModelData.swift */,
				EB19D2F42826B15300F0A712 /* Landmark.swift */,
				EB1AA31D283D247C005F2CBF /* Hike.swift */,
			);
			path = Model;
			sourceTree = "<group>";
		};
		EB19D2FA2826BBE200F0A712 /* Resources */ = {
			isa = PBXGroup;
			children = (
				EB1AA31B283D243E005F2CBF /* hikeData.json */,
				EB19D2F22826B0EF00F0A712 /* landmarkData.json */,
			);
			path = Resources;
			sourceTree = "<group>";
		};
		EB1AA31F283D2675005F2CBF /* Hikes */ = {
			isa = PBXGroup;
			children = (
				EB1AA320283D2675005F2CBF /* GraphCapsule.swift */,
				EB1AA321283D2675005F2CBF /* HikeGraph.swift */,
				EB1AA322283D2675005F2CBF /* HikeDetail.swift */,
				EB1AA323283D2675005F2CBF /* HikeView.swift */,
			);
			path = Hikes;
			sourceTree = "<group>";
		};
		EB9B52D4282C20F800DEB75C /* Helpers */ = {
			isa = PBXGroup;
			children = (
				EBCA358128216817005408DF /* CircleImage.swift */,
				EBCA358328216A0C005408DF /* MapView.swift */,
				EB9B52D2282C1FC600DEB75C /* FavoriteButton.swift */,
			);
			path = Helpers;
			sourceTree = "<group>";
		};
		EB9B52D5282C212800DEB75C /* Landmarks */ = {
			isa = PBXGroup;
			children = (
				EB19D2FD2826C28300F0A712 /* LandmarkList.swift */,
				EB19D2FB2826BC5400F0A712 /* LandmarkRow.swift */,
				EB19D2FF2826C40700F0A712 /* LandmarkDetail.swift */,
			);
			path = Landmarks;
			sourceTree = "<group>";
		};
		EBCA35672821624D005408DF = {
			isa = PBXGroup;
			children = (
				EBCA35722821624D005408DF /* Landmarks */,
				EBCA35712821624D005408DF /* Products */,
			);
			sourceTree = "<group>";
		};
		EBCA35712821624D005408DF /* Products */ = {
			isa = PBXGroup;
			children = (
				EBCA35702821624D005408DF /* Landmarks.app */,
			);
			name = Products;
			sourceTree = "<group>";
		};
		EBCA35722821624D005408DF /* Landmarks */ = {
			isa = PBXGroup;
			children = (
				EBCA35732821624D005408DF /* LandmarksApp.swift */,
				EB19D2F82826BBA000F0A712 /* Views */,
				EB19D2F92826BBB700F0A712 /* Model */,
				EB19D2FA2826BBE200F0A712 /* Resources */,
				EBCA35772821624F005408DF /* Assets.xcassets */,
				EBCA35792821624F005408DF /* Preview Content */,
			);
			path = Landmarks;
			sourceTree = "<group>";
		};
		EBCA35792821624F005408DF /* Preview Content */ = {
			isa = PBXGroup;
			children = (
				EBCA357A2821624F005408DF /* Preview Assets.xcassets */,
			);
			path = "Preview Content";
			sourceTree = "<group>";
		};
		EBFE490628341D6F006DA3D8 /* Badges */ = {
			isa = PBXGroup;
			children = (
				EBFE490428341B8E006DA3D8 /* Badge.swift */,
				EBFE48FB28341206006DA3D8 /* BadgeBackground.swift */,
				EBFE48FF283417EF006DA3D8 /* BadgeSymbol.swift */,
				EBFE490128341A81006DA3D8 /* RotatedBadgeSymbol.swift */,
				EBFE48F928341065006DA3D8 /* HexagonParameters.swift */,
			);
			path = Badges;
			sourceTree = "<group>";
		};
/* End PBXGroup section */

/* Begin PBXNativeTarget section */
		EBCA356F2821624D005408DF /* Landmarks */ = {
			isa = PBXNativeTarget;
			buildConfigurationList = EBCA357E2821624F005408DF /* Build configuration list for PBXNativeTarget "Landmarks" */;
			buildPhases = (
				EBCA356C2821624D005408DF /* Sources */,
				EBCA356D2821624D005408DF /* Frameworks */,
				EBCA356E2821624D005408DF /* Resources */,
			);
			buildRules = (
			);
			dependencies = (
			);
			name = Landmarks;
			productName = Landmarks;
			productReference = EBCA35702821624D005408DF /* Landmarks.app */;
			productType = "com.apple.product-type.application";
		};
/* End PBXNativeTarget section */

/* Begin PBXProject section */
		EBCA35682821624D005408DF /* Project object */ = {
			isa = PBXProject;
			attributes = {
				BuildIndependentTargetsInParallel = 1;
				LastSwiftUpdateCheck = 1330;
				LastUpgradeCheck = 1330;
				TargetAttributes = {
					EBCA356F2821624D005408DF = {
						CreatedOnToolsVersion = 13.3.1;
					};
				};
			};
			buildConfigurationList = EBCA356B2821624D005408DF /* Build configuration list for PBXProject "Landmarks" */;
			compatibilityVersion = "Xcode 13.0";
			developmentRegion = en;
			hasScannedForEncodings = 0;
			knownRegions = (
				en,
				Base,
			);
			mainGroup = EBCA35672821624D005408DF;
			productRefGroup = EBCA35712821624D005408DF /* Products */;
			projectDirPath = "";
			projectRoot = "";
			targets = (
				EBCA356F2821624D005408DF /* Landmarks */,
			);
		};
/* End PBXProject section */

/* Begin PBXResourcesBuildPhase section */
		EBCA356E2821624D005408DF /* Resources */ = {
			isa = PBXResourcesBuildPhase;
			buildActionMask = 2147483647;
			files = (
				EB1AA31C283D243E005F2CBF /* hikeData.json in Resources */,
				EBCA357B2821624F005408DF /* Preview Assets.xcassets in Resources */,
				EBCA35782821624F005408DF /* Assets.xcassets in Resources */,
				EB19D2F32826B0EF00F0A712 /* landmarkData.json in Resources */,
			);
			runOnlyForDeploymentPostprocessing = 0;
		};
/* End PBXResourcesBuildPhase section */

/* Begin PBXSourcesBuildPhase section */
		EBCA356C2821624D005408DF /* Sources */ = {
			isa = PBXSourcesBuildPhase;
			buildActionMask = 2147483647;
			files = (
				EBCA35762821624D005408DF /* ContentView.swift in Sources */,
				EB1AA325283D2675005F2CBF /* HikeGraph.swift in Sources */,
				EBFE490528341B8E006DA3D8 /* Badge.swift in Sources */,
				EBCA358428216A0C005408DF /* MapView.swift in Sources */,
				EB1AA324283D2675005F2CBF /* GraphCapsule.swift in Sources */,
				EBCA35742821624D005408DF /* LandmarksApp.swift in Sources */,
				EB9B52D3282C1FC600DEB75C /* FavoriteButton.swift in Sources */,
				EB1AA326283D2675005F2CBF /* HikeDetail.swift in Sources */,
				EBFE48FA28341065006DA3D8 /* HexagonParameters.swift in Sources */,
				EB1AA31E283D247C005F2CBF /* Hike.swift in Sources */,
				EBFE490228341A81006DA3D8 /* RotatedBadgeSymbol.swift in Sources */,
				EBFE4900283417EF006DA3D8 /* BadgeSymbol.swift in Sources */,
				EB19D2FE2826C28300F0A712 /* LandmarkList.swift in Sources */,
				EB1AA327283D2675005F2CBF /* HikeView.swift in Sources */,
				EB19D3002826C40700F0A712 /* LandmarkDetail.swift in Sources */,
				EBFE48FC28341206006DA3D8 /* BadgeBackground.swift in Sources */,
				EBCA358228216817005408DF /* CircleImage.swift in Sources */,
				EB19D2F52826B15300F0A712 /* Landmark.swift in Sources */,
				EB19D2FC2826BC5400F0A712 /* LandmarkRow.swift in Sources */,
				EB19D2F72826B50E00F0A712 /* ModelData.swift in Sources */,
			);
			runOnlyForDeploymentPostprocessing = 0;
		};
/* End PBXSourcesBuildPhase section */

/* Begin XCBuildConfiguration section */
		EBCA357C2821624F005408DF /* Debug */ = {
			isa = XCBuildConfiguration;
			buildSettings = {
				ALWAYS_SEARCH_USER_PATHS = NO;
				CLANG_ANALYZER_NONNULL = YES;
				CLANG_ANALYZER_NUMBER_OBJECT_CONVERSION = YES_AGGRESSIVE;
				CLANG_CXX_LANGUAGE_STANDARD = "gnu++17";
				CLANG_ENABLE_MODULES = YES;
				CLANG_ENABLE_OBJC_ARC = YES;
				CLANG_ENABLE_OBJC_WEAK = YES;
				CLANG_WARN_BLOCK_CAPTURE_AUTORELEASING = YES;
				CLANG_WARN_BOOL_CONVERSION = YES;
				CLANG_WARN_COMMA = YES;
				CLANG_WARN_CONSTANT_CONVERSION = YES;
				CLANG_WARN_DEPRECATED_OBJC_IMPLEMENTATIONS = YES;
				CLANG_WARN_DIRECT_OBJC_ISA_USAGE = YES_ERROR;
				CLANG_WARN_DOCUMENTATION_COMMENTS = YES;
				CLANG_WARN_EMPTY_BODY = YES;
				CLANG_WARN_ENUM_CONVERSION = YES;
				CLANG_WARN_INFINITE_RECURSION = YES;
				CLANG_WARN_INT_CONVERSION = YES;
				CLANG_WARN_NON_LITERAL_NULL_CONVERSION = YES;
				CLANG_WARN_OBJC_IMPLICIT_RETAIN_SELF = YES;
				CLANG_WARN_OBJC_LITERAL_CONVERSION = YES;
				CLANG_WARN_OBJC_ROOT_CLASS = YES_ERROR;
				CLANG_WARN_QUOTED_INCLUDE_IN_FRAMEWORK_HEADER = YES;
				CLANG_WARN_RANGE_LOOP_ANALYSIS = YES;
				CLANG_WARN_STRICT_PROTOTYPES = YES;
				CLANG_WARN_SUSPICIOUS_MOVE = YES;
				CLANG_WARN_UNGUARDED_AVAILABILITY = YES_AGGRESSIVE;
				CLANG_WARN_UNREACHABLE_CODE = YES;
				CLANG_WARN__DUPLICATE_METHOD_MATCH = YES;
				COPY_PHASE_STRIP = NO;
				DEBUG_INFORMATION_FORMAT = dwarf;
				ENABLE_STRICT_OBJC_MSGSEND = YES;
				ENABLE_TESTABILITY = YES;
				GCC_C_LANGUAGE_STANDARD = gnu11;
				GCC_DYNAMIC_NO_PIC = NO;
				GCC_NO_COMMON_BLOCKS = YES;
				GCC_OPTIMIZATION_LEVEL = 0;
				GCC_PREPROCESSOR_DEFINITIONS = (
					"DEBUG=1",
					"$(inherited)",
				);
				GCC_WARN_64_TO_32_BIT_CONVERSION = YES;
				GCC_WARN_ABOUT_RETURN_TYPE = YES_ERROR;
				GCC_WARN_UNDECLARED_SELECTOR = YES;
				GCC_WARN_UNINITIALIZED_AUTOS = YES_AGGRESSIVE;
				GCC_WARN_UNUSED_FUNCTION = YES;
				GCC_WARN_UNUSED_VARIABLE = YES;
				IPHONEOS_DEPLOYMENT_TARGET = 15.4;
				MTL_ENABLE_DEBUG_INFO = INCLUDE_SOURCE;
				MTL_FAST_MATH = YES;
				ONLY_ACTIVE_ARCH = YES;
				SDKROOT = iphoneos;
				SWIFT_ACTIVE_COMPILATION_CONDITIONS = DEBUG;
				SWIFT_OPTIMIZATION_LEVEL = "-Onone";
			};
			name = Debug;
		};
		EBCA357D2821624F005408DF /* Release */ = {
			isa = XCBuildConfiguration;
			buildSettings = {
				ALWAYS_SEARCH_USER_PATHS = NO;
				CLANG_ANALYZER_NONNULL = YES;
				CLANG_ANALYZER_NUMBER_OBJECT_CONVERSION = YES_AGGRESSIVE;
				CLANG_CXX_LANGUAGE_STANDARD = "gnu++17";
				CLANG_ENABLE_MODULES = YES;
				CLANG_ENABLE_OBJC_ARC = YES;
				CLANG_ENABLE_OBJC_WEAK = YES;
				CLANG_WARN_BLOCK_CAPTURE_AUTORELEASING = YES;
				CLANG_WARN_BOOL_CONVERSION = YES;
				CLANG_WARN_COMMA = YES;
				CLANG_WARN_CONSTANT_CONVERSION = YES;
				CLANG_WARN_DEPRECATED_OBJC_IMPLEMENTATIONS = YES;
				CLANG_WARN_DIRECT_OBJC_ISA_USAGE = YES_ERROR;
				CLANG_WARN_DOCUMENTATION_COMMENTS = YES;
				CLANG_WARN_EMPTY_BODY = YES;
				CLANG_WARN_ENUM_CONVERSION = YES;
				CLANG_WARN_INFINITE_RECURSION = YES;
				CLANG_WARN_INT_CONVERSION = YES;
				CLANG_WARN_NON_LITERAL_NULL_CONVERSION = YES;
				CLANG_WARN_OBJC_IMPLICIT_RETAIN_SELF = YES;
				CLANG_WARN_OBJC_LITERAL_CONVERSION = YES;
				CLANG_WARN_OBJC_ROOT_CLASS = YES_ERROR;
				CLANG_WARN_QUOTED_INCLUDE_IN_FRAMEWORK_HEADER = YES;
				CLANG_WARN_RANGE_LOOP_ANALYSIS = YES;
				CLANG_WARN_STRICT_PROTOTYPES = YES;
				CLANG_WARN_SUSPICIOUS_MOVE = YES;
				CLANG_WARN_UNGUARDED_AVAILABILITY = YES_AGGRESSIVE;
				CLANG_WARN_UNREACHABLE_CODE = YES;
				CLANG_WARN__DUPLICATE_METHOD_MATCH = YES;
				COPY_PHASE_STRIP = NO;
				DEBUG_INFORMATION_FORMAT = "dwarf-with-dsym";
				ENABLE_NS_ASSERTIONS = NO;
				ENABLE_STRICT_OBJC_MSGSEND = YES;
				GCC_C_LANGUAGE_STANDARD = gnu11;
				GCC_NO_COMMON_BLOCKS = YES;
				GCC_WARN_64_TO_32_BIT_CONVERSION = YES;
				GCC_WARN_ABOUT_RETURN_TYPE = YES_ERROR;
				GCC_WARN_UNDECLARED_SELECTOR = YES;
				GCC_WARN_UNINITIALIZED_AUTOS = YES_AGGRESSIVE;
				GCC_WARN_UNUSED_FUNCTION = YES;
				GCC_WARN_UNUSED_VARIABLE = YES;
				IPHONEOS_DEPLOYMENT_TARGET = 15.4;
				MTL_ENABLE_DEBUG_INFO = NO;
				MTL_FAST_MATH = YES;
				SDKROOT = iphoneos;
				SWIFT_COMPILATION_MODE = wholemodule;
				SWIFT_OPTIMIZATION_LEVEL = "-O";
				VALIDATE_PRODUCT = YES;
			};
			name = Release;
		};
		EBCA357F2821624F005408DF /* Debug */ = {
			isa = XCBuildConfiguration;
			buildSettings = {
				ASSETCATALOG_COMPILER_APPICON_NAME = AppIcon;
				ASSETCATALOG_COMPILER_GLOBAL_ACCENT_COLOR_NAME = AccentColor;
				CODE_SIGN_STYLE = Automatic;
				CURRENT_PROJECT_VERSION = 1;
				DEVELOPMENT_ASSET_PATHS = "\"Landmarks/Preview Content\"";
				DEVELOPMENT_TEAM = 4JL8SRWP2X;
				ENABLE_PREVIEWS = YES;
				GENERATE_INFOPLIST_FILE = YES;
				INFOPLIST_KEY_UIApplicationSceneManifest_Generation = YES;
				INFOPLIST_KEY_UIApplicationSupportsIndirectInputEvents = YES;
				INFOPLIST_KEY_UILaunchScreen_Generation = YES;
				INFOPLIST_KEY_UISupportedInterfaceOrientations_iPad = "UIInterfaceOrientationPortrait UIInterfaceOrientationPortraitUpsideDown UIInterfaceOrientationLandscapeLeft UIInterfaceOrientationLandscapeRight";
				INFOPLIST_KEY_UISupportedInterfaceOrientations_iPhone = "UIInterfaceOrientationPortrait UIInterfaceOrientationLandscapeLeft UIInterfaceOrientationLandscapeRight";
				LD_RUNPATH_SEARCH_PATHS = (
					"$(inherited)",
					"@executable_path/Frameworks",
				);
				MARKETING_VERSION = 1.0;
				PRODUCT_BUNDLE_IDENTIFIER = com.doroomook.Landmarks;
				PRODUCT_NAME = "$(TARGET_NAME)";
				SWIFT_EMIT_LOC_STRINGS = YES;
				SWIFT_VERSION = 5.0;
				TARGETED_DEVICE_FAMILY = "1,2";
			};
			name = Debug;
		};
		EBCA35802821624F005408DF /* Release */ = {
			isa = XCBuildConfiguration;
			buildSettings = {
				ASSETCATALOG_COMPILER_APPICON_NAME = AppIcon;
				ASSETCATALOG_COMPILER_GLOBAL_ACCENT_COLOR_NAME = AccentColor;
				CODE_SIGN_STYLE = Automatic;
				CURRENT_PROJECT_VERSION = 1;
				DEVELOPMENT_ASSET_PATHS = "\"Landmarks/Preview Content\"";
				DEVELOPMENT_TEAM = 4JL8SRWP2X;
				ENABLE_PREVIEWS = YES;
				GENERATE_INFOPLIST_FILE = YES;
				INFOPLIST_KEY_UIApplicationSceneManifest_Generation = YES;
				INFOPLIST_KEY_UIApplicationSupportsIndirectInputEvents = YES;
				INFOPLIST_KEY_UILaunchScreen_Generation = YES;
				INFOPLIST_KEY_UISupportedInterfaceOrientations_iPad = "UIInterfaceOrientationPortrait UIInterfaceOrientationPortraitUpsideDown UIInterfaceOrientationLandscapeLeft UIInterfaceOrientationLandscapeRight";
				INFOPLIST_KEY_UISupportedInterfaceOrientations_iPhone = "UIInterfaceOrientationPortrait UIInterfaceOrientationLandscapeLeft UIInterfaceOrientationLandscapeRight";
				LD_RUNPATH_SEARCH_PATHS = (
					"$(inherited)",
					"@executable_path/Frameworks",
				);
				MARKETING_VERSION = 1.0;
				PRODUCT_BUNDLE_IDENTIFIER = com.doroomook.Landmarks;
				PRODUCT_NAME = "$(TARGET_NAME)";
				SWIFT_EMIT_LOC_STRINGS = YES;
				SWIFT_VERSION = 5.0;
				TARGETED_DEVICE_FAMILY = "1,2";
			};
			name = Release;
		};
/* End XCBuildConfiguration section */

/* Begin XCConfigurationList section */
		EBCA356B2821624D005408DF /* Build configuration list for PBXProject "Landmarks" */ = {
			isa = XCConfigurationList;
			buildConfigurations = (
				EBCA357C2821624F005408DF /* Debug */,
				EBCA357D2821624F005408DF /* Release */,
			);
			defaultConfigurationIsVisible = 0;
			defaultConfigurationName = Release;
		};
		EBCA357E2821624F005408DF /* Build configuration list for PBXNativeTarget "Landmarks" */ = {
			isa = XCConfigurationList;
			buildConfigurations = (
				EBCA357F2821624F005408DF /* Debug */,
				EBCA35802821624F005408DF /* Release */,
			);
			defaultConfigurationIsVisible = 0;
			defaultConfigurationName = Release;
		};
/* End XCConfigurationList section */
	};
	rootObject = EBCA35682821624D005408DF /* Project object */;
}
